{
  "name": "marketing-analytics",
  "lockfileVersion": 2,
  "requires": true,
  "packages": {
    "": {
      "name": "marketing-analytics",
      "dependencies": {
        "@dataform/core": "3.0.21"
      }
    },
    "node_modules/@dataform/core": {
      "version": "3.0.21",
      "resolved": "https://registry.npmjs.org/@dataform/core/-/core-3.0.21.tgz",
      "integrity": "sha512-aVO3AJV4BY/gVZYlTlEtDa0hO+MSm24g5W4DnVcMME16Ze1/FfL8mSFwn9GwYsUE0gnphniO7XNHXyOdp4Iy5A=="
    }
  },
  "dependencies": {
    "@dataform/core": {
      "version": "3.0.21",
      "resolved": "https://registry.npmjs.org/@dataform/core/-/core-3.0.21.tgz",
      "integrity": "sha512-aVO3AJV4BY/gVZYlTlEtDa0hO+MSm24g5W4DnVcMME16Ze1/FfL8mSFwn9GwYsUE0gnphniO7XNHXyOdp4Iy5A=="
    }
  }
}
