{
  "name": "marketing-analytics",
  "lockfileVersion": 2,
  "requires": true,
  "packages": {
    "": {
      "name": "marketing-analytics",
      "dependencies": {
        "@dataform/core": "3.0.58"
      }
    },
    "node_modules/@dataform/core": {
      "version": "3.0.58",
      "resolved": "https://registry.npmjs.org/@dataform/core/-/core-3.0.58.tgz",
      "integrity": "sha512-5bJoclhrtfwOMXq0RQc2r/DKyLK79mCem5rfNiFZEAxClecfQfMpyqhtP77eQJ7z4z83nrpZ9a79q49yvbtfqQ=="
    }
  },
  "dependencies": {
    "@dataform/core": {
      "version": "3.0.58",
      "resolved": "https://registry.npmjs.org/@dataform/core/-/core-3.0.58.tgz",
      "integrity": "sha512-5bJoclhrtfwOMXq0RQc2r/DKyLK79mCem5rfNiFZEAxClecfQfMpyqhtP77eQJ7z4z83nrpZ9a79q49yvbtfqQ=="
    }
  }
}
